
Microsoft Visual Studio Solution File, Format Version 12.00
# Visual Studio 15
VisualStudioVersion = 15.0.28010.2048
MinimumVisualStudioVersion = 10.0.40219.1
Project("{FAE04EC0-301F-11D3-BF4B-00C04F79EFBC}") = "LabAssignment1", "LabAssignment1\LabAssignment1.csproj", "{3F6DE924-05ED-4626-A109-E1DC93D29BFD}"
EndProject
Global
	GlobalSection(SolutionConfigurationPlatforms) = preSolution
		Debug|Any CPU = Debug|Any CPU
		Release|Any CPU = Release|Any CPU
	EndGlobalSection
	GlobalSection(ProjectConfigurationPlatforms) = postSolution
		{3F6DE924-05ED-4626-A109-E1DC93D29BFD}.Debug|Any CPU.ActiveCfg = Debug|Any CPU
		{3F6DE924-05ED-4626-A109-E1DC93D29BFD}.Debug|Any CPU.Build.0 = Debug|Any CPU
		{3F6DE924-05ED-4626-A109-E1DC93D29BFD}.Release|Any CPU.ActiveCfg = Release|Any CPU
		{3F6DE924-05ED-4626-A109-E1DC93D29BFD}.Release|Any CPU.Build.0 = Release|Any CPU
	EndGlobalSection
	GlobalSection(SolutionProperties) = preSolution
		HideSolutionNode = FALSE
	EndGlobalSection
	GlobalSection(ExtensibilityGlobals) = postSolution
		SolutionGuid = {8959CBE7-550C-49E8-8A72-55DF64D7A91B}
	EndGlobalSection
EndGlobal
